// !$*UTF8*$!
{
	archiveVersion = 1;
	classes = {
	};
	objectVersion = 46;
	objects = {

/* Begin PBXBuildFile section */
		C7B9A1FE25F55BF200725F3F /* CollectionExtensions.swift in Sources */ = {isa = PBXBuildFile; fileRef = C7B9A1FD25F55BF200725F3F /* CollectionExtensions.swift */; };
		C7E88982251E29CE00BCD45E /* DGPViewExtension.swift in Sources */ = {isa = PBXBuildFile; fileRef = C7E88974251E29CD00BCD45E /* DGPViewExtension.swift */; };
		C7E88983251E29CE00BCD45E /* DGPLabelextensions.swift in Sources */ = {isa = PBXBuildFile; fileRef = C7E88975251E29CD00BCD45E /* DGPLabelextensions.swift */; };
		C7E88984251E29CE00BCD45E /* DGPStringExtensions.swift in Sources */ = {isa = PBXBuildFile; fileRef = C7E88976251E29CD00BCD45E /* DGPStringExtensions.swift */; };
		C7E88985251E29CE00BCD45E /* DGPURLExtensions.swift in Sources */ = {isa = PBXBuildFile; fileRef = C7E88977251E29CD00BCD45E /* DGPURLExtensions.swift */; };
		C7E88986251E29CE00BCD45E /* DGPErrorExtensions.swift in Sources */ = {isa = PBXBuildFile; fileRef = C7E88978251E29CD00BCD45E /* DGPErrorExtensions.swift */; };
		C7E88987251E29CE00BCD45E /* DGPNavigationItemExtension.swift in Sources */ = {isa = PBXBuildFile; fileRef = C7E88979251E29CD00BCD45E /* DGPNavigationItemExtension.swift */; };
		C7E88988251E29CE00BCD45E /* DGPButtonExtensions.swift in Sources */ = {isa = PBXBuildFile; fileRef = C7E8897A251E29CD00BCD45E /* DGPButtonExtensions.swift */; };
		C7E88989251E29CE00BCD45E /* DGPTextFieldExtensions.swift in Sources */ = {isa = PBXBuildFile; fileRef = C7E8897B251E29CD00BCD45E /* DGPTextFieldExtensions.swift */; };
		C7E8898A251E29CE00BCD45E /* DGPTextViewExtensions.swift in Sources */ = {isa = PBXBuildFile; fileRef = C7E8897C251E29CD00BCD45E /* DGPTextViewExtensions.swift */; };
		C7E8898B251E29CE00BCD45E /* DGPNumbersExtensions.swift in Sources */ = {isa = PBXBuildFile; fileRef = C7E8897D251E29CD00BCD45E /* DGPNumbersExtensions.swift */; };
		C7E8898C251E29CE00BCD45E /* DGPColors.swift in Sources */ = {isa = PBXBuildFile; fileRef = C7E8897E251E29CD00BCD45E /* DGPColors.swift */; };
		C7E8898D251E29CE00BCD45E /* DGPImageExtensions.swift in Sources */ = {isa = PBXBuildFile; fileRef = C7E8897F251E29CD00BCD45E /* DGPImageExtensions.swift */; };
		C7E8898E251E29CE00BCD45E /* DGPTableViewCellExtension.swift in Sources */ = {isa = PBXBuildFile; fileRef = C7E88980251E29CD00BCD45E /* DGPTableViewCellExtension.swift */; };
		C7E8898F251E29CE00BCD45E /* DGPNavigationControllerExtensions.swift in Sources */ = {isa = PBXBuildFile; fileRef = C7E88981251E29CE00BCD45E /* DGPNavigationControllerExtensions.swift */; };
/* End PBXBuildFile section */

/* Begin PBXFileReference section */
		C7B9A1FD25F55BF200725F3F /* CollectionExtensions.swift */ = {isa = PBXFileReference; lastKnownFileType = sourcecode.swift; path = CollectionExtensions.swift; sourceTree = "<group>"; };
		C7E88974251E29CD00BCD45E /* DGPViewExtension.swift */ = {isa = PBXFileReference; fileEncoding = 4; lastKnownFileType = sourcecode.swift; path = DGPViewExtension.swift; sourceTree = "<group>"; };
		C7E88975251E29CD00BCD45E /* DGPLabelextensions.swift */ = {isa = PBXFileReference; fileEncoding = 4; lastKnownFileType = sourcecode.swift; path = DGPLabelextensions.swift; sourceTree = "<group>"; };
		C7E88976251E29CD00BCD45E /* DGPStringExtensions.swift */ = {isa = PBXFileReference; fileEncoding = 4; lastKnownFileType = sourcecode.swift; path = DGPStringExtensions.swift; sourceTree = "<group>"; };
		C7E88977251E29CD00BCD45E /* DGPURLExtensions.swift */ = {isa = PBXFileReference; fileEncoding = 4; lastKnownFileType = sourcecode.swift; path = DGPURLExtensions.swift; sourceTree = "<group>"; };
		C7E88978251E29CD00BCD45E /* DGPErrorExtensions.swift */ = {isa = PBXFileReference; fileEncoding = 4; lastKnownFileType = sourcecode.swift; path = DGPErrorExtensions.swift; sourceTree = "<group>"; };
		C7E88979251E29CD00BCD45E /* DGPNavigationItemExtension.swift */ = {isa = PBXFileReference; fileEncoding = 4; lastKnownFileType = sourcecode.swift; path = DGPNavigationItemExtension.swift; sourceTree = "<group>"; };
		C7E8897A251E29CD00BCD45E /* DGPButtonExtensions.swift */ = {isa = PBXFileReference; fileEncoding = 4; lastKnownFileType = sourcecode.swift; path = DGPButtonExtensions.swift; sourceTree = "<group>"; };
		C7E8897B251E29CD00BCD45E /* DGPTextFieldExtensions.swift */ = {isa = PBXFileReference; fileEncoding = 4; lastKnownFileType = sourcecode.swift; path = DGPTextFieldExtensions.swift; sourceTree = "<group>"; };
		C7E8897C251E29CD00BCD45E /* DGPTextViewExtensions.swift */ = {isa = PBXFileReference; fileEncoding = 4; lastKnownFileType = sourcecode.swift; path = DGPTextViewExtensions.swift; sourceTree = "<group>"; };
		C7E8897D251E29CD00BCD45E /* DGPNumbersExtensions.swift */ = {isa = PBXFileReference; fileEncoding = 4; lastKnownFileType = sourcecode.swift; path = DGPNumbersExtensions.swift; sourceTree = "<group>"; };
		C7E8897E251E29CD00BCD45E /* DGPColors.swift */ = {isa = PBXFileReference; fileEncoding = 4; lastKnownFileType = sourcecode.swift; path = DGPColors.swift; sourceTree = "<group>"; };
		C7E8897F251E29CD00BCD45E /* DGPImageExtensions.swift */ = {isa = PBXFileReference; fileEncoding = 4; lastKnownFileType = sourcecode.swift; path = DGPImageExtensions.swift; sourceTree = "<group>"; };
		C7E88980251E29CD00BCD45E /* DGPTableViewCellExtension.swift */ = {isa = PBXFileReference; fileEncoding = 4; lastKnownFileType = sourcecode.swift; path = DGPTableViewCellExtension.swift; sourceTree = "<group>"; };
		C7E88981251E29CE00BCD45E /* DGPNavigationControllerExtensions.swift */ = {isa = PBXFileReference; fileEncoding = 4; lastKnownFileType = sourcecode.swift; path = DGPNavigationControllerExtensions.swift; sourceTree = "<group>"; };
		"DGPExtensionCore::DGPExtensionCore::Product" /* DGPExtensionCore.framework */ = {isa = PBXFileReference; explicitFileType = wrapper.framework; path = DGPExtensionCore.framework; sourceTree = BUILT_PRODUCTS_DIR; };
		OBJ_17 /* README.md */ = {isa = PBXFileReference; lastKnownFileType = net.daringfireball.markdown; path = README.md; sourceTree = "<group>"; };
		OBJ_6 /* Package.swift */ = {isa = PBXFileReference; explicitFileType = sourcecode.swift; path = Package.swift; sourceTree = "<group>"; };
/* End PBXFileReference section */

/* Begin PBXFrameworksBuildPhase section */
		OBJ_24 /* Frameworks */ = {
			isa = PBXFrameworksBuildPhase;
			buildActionMask = 0;
			files = (
			);
			runOnlyForDeploymentPostprocessing = 0;
		};
/* End PBXFrameworksBuildPhase section */

/* Begin PBXGroup section */
		C7E88973251E299F00BCD45E /* Extensions */ = {
			isa = PBXGroup;
			children = (
				C7E8897A251E29CD00BCD45E /* DGPButtonExtensions.swift */,
				C7E8897E251E29CD00BCD45E /* DGPColors.swift */,
				C7E88978251E29CD00BCD45E /* DGPErrorExtensions.swift */,
				C7E88980251E29CD00BCD45E /* DGPTableViewCellExtension.swift */,
				C7E8897F251E29CD00BCD45E /* DGPImageExtensions.swift */,
				C7E88975251E29CD00BCD45E /* DGPLabelextensions.swift */,
				C7E88981251E29CE00BCD45E /* DGPNavigationControllerExtensions.swift */,
				C7E88979251E29CD00BCD45E /* DGPNavigationItemExtension.swift */,
				C7E8897D251E29CD00BCD45E /* DGPNumbersExtensions.swift */,
				C7E88976251E29CD00BCD45E /* DGPStringExtensions.swift */,
				C7E8897B251E29CD00BCD45E /* DGPTextFieldExtensions.swift */,
				C7E8897C251E29CD00BCD45E /* DGPTextViewExtensions.swift */,
				C7E88977251E29CD00BCD45E /* DGPURLExtensions.swift */,
				C7E88974251E29CD00BCD45E /* DGPViewExtension.swift */,
				C7B9A1FD25F55BF200725F3F /* CollectionExtensions.swift */,
			);
			path = Extensions;
			sourceTree = "<group>";
		};
		OBJ_14 /* Products */ = {
			isa = PBXGroup;
			children = (
				"DGPExtensionCore::DGPExtensionCore::Product" /* DGPExtensionCore.framework */,
			);
			name = Products;
			sourceTree = BUILT_PRODUCTS_DIR;
		};
		OBJ_5 = {
			isa = PBXGroup;
			children = (
				OBJ_6 /* Package.swift */,
				OBJ_7 /* Sources */,
				OBJ_14 /* Products */,
				OBJ_17 /* README.md */,
			);
			sourceTree = "<group>";
		};
		OBJ_7 /* Sources */ = {
			isa = PBXGroup;
			children = (
				OBJ_8 /* DGPExtensionCore */,
			);
			name = Sources;
			sourceTree = SOURCE_ROOT;
		};
		OBJ_8 /* DGPExtensionCore */ = {
			isa = PBXGroup;
			children = (
				C7E88973251E299F00BCD45E /* Extensions */,
			);
			name = DGPExtensionCore;
			path = Sources/DGPExtensionCore;
			sourceTree = SOURCE_ROOT;
		};
/* End PBXGroup section */

/* Begin PBXNativeTarget section */
		"DGPExtensionCore::DGPExtensionCore" /* DGPExtensionCore */ = {
			isa = PBXNativeTarget;
			buildConfigurationList = OBJ_19 /* Build configuration list for PBXNativeTarget "DGPExtensionCore" */;
			buildPhases = (
				OBJ_22 /* Sources */,
				OBJ_24 /* Frameworks */,
			);
			buildRules = (
			);
			dependencies = (
			);
			name = DGPExtensionCore;
			productName = DGPExtensionCore;
			productReference = "DGPExtensionCore::DGPExtensionCore::Product" /* DGPExtensionCore.framework */;
			productType = "com.apple.product-type.framework";
		};
/* End PBXNativeTarget section */

/* Begin PBXProject section */
		OBJ_1 /* Project object */ = {
			isa = PBXProject;
			attributes = {
				LastSwiftMigration = 9999;
				LastUpgradeCheck = 1240;
			};
			buildConfigurationList = OBJ_2 /* Build configuration list for PBXProject "DGPExtensionCore" */;
			compatibilityVersion = "Xcode 3.2";
			developmentRegion = en;
			hasScannedForEncodings = 0;
			knownRegions = (
				en,
				Base,
			);
			mainGroup = OBJ_5;
			productRefGroup = OBJ_14 /* Products */;
			projectDirPath = "";
			projectRoot = "";
			targets = (
				"DGPExtensionCore::DGPExtensionCore" /* DGPExtensionCore */,
			);
		};
/* End PBXProject section */

/* Begin PBXSourcesBuildPhase section */
		OBJ_22 /* Sources */ = {
			isa = PBXSourcesBuildPhase;
			buildActionMask = 0;
			files = (
				C7E88984251E29CE00BCD45E /* DGPStringExtensions.swift in Sources */,
				C7E8898C251E29CE00BCD45E /* DGPColors.swift in Sources */,
				C7E88985251E29CE00BCD45E /* DGPURLExtensions.swift in Sources */,
				C7E88986251E29CE00BCD45E /* DGPErrorExtensions.swift in Sources */,
				C7E8898A251E29CE00BCD45E /* DGPTextViewExtensions.swift in Sources */,
				C7E88983251E29CE00BCD45E /* DGPLabelextensions.swift in Sources */,
				C7E88987251E29CE00BCD45E /* DGPNavigationItemExtension.swift in Sources */,
				C7E8898E251E29CE00BCD45E /* DGPTableViewCellExtension.swift in Sources */,
				C7E88988251E29CE00BCD45E /* DGPButtonExtensions.swift in Sources */,
				C7E88982251E29CE00BCD45E /* DGPViewExtension.swift in Sources */,
				C7B9A1FE25F55BF200725F3F /* CollectionExtensions.swift in Sources */,
				C7E8898D251E29CE00BCD45E /* DGPImageExtensions.swift in Sources */,
				C7E8898F251E29CE00BCD45E /* DGPNavigationControllerExtensions.swift in Sources */,
				C7E88989251E29CE00BCD45E /* DGPTextFieldExtensions.swift in Sources */,
				C7E8898B251E29CE00BCD45E /* DGPNumbersExtensions.swift in Sources */,
			);
			runOnlyForDeploymentPostprocessing = 0;
		};
/* End PBXSourcesBuildPhase section */

/* Begin XCBuildConfiguration section */
		OBJ_20 /* Debug */ = {
			isa = XCBuildConfiguration;
			buildSettings = {
				ENABLE_TESTABILITY = YES;
				FRAMEWORK_SEARCH_PATHS = (
					"$(inherited)",
					"$(PLATFORM_DIR)/Developer/Library/Frameworks",
				);
				HEADER_SEARCH_PATHS = "$(inherited)";
				INFOPLIST_FILE = DGPExtensionCore.xcodeproj/DGPExtensionCore_Info.plist;
				IPHONEOS_DEPLOYMENT_TARGET = 12.0;
				LD_RUNPATH_SEARCH_PATHS = "$(inherited) $(TOOLCHAIN_DIR)/usr/lib/swift/macosx";
				MACOSX_DEPLOYMENT_TARGET = 10.10;
				OTHER_CFLAGS = "$(inherited)";
				OTHER_LDFLAGS = "$(inherited)";
				OTHER_SWIFT_FLAGS = "$(inherited)";
				PRODUCT_BUNDLE_IDENTIFIER = DGPExtensionCore;
				PRODUCT_MODULE_NAME = "$(TARGET_NAME:c99extidentifier)";
				PRODUCT_NAME = "$(TARGET_NAME:c99extidentifier)";
				SKIP_INSTALL = YES;
				SWIFT_ACTIVE_COMPILATION_CONDITIONS = "$(inherited)";
				SWIFT_VERSION = 5.0;
				TARGET_NAME = DGPExtensionCore;
				TVOS_DEPLOYMENT_TARGET = 12.0;
				WATCHOS_DEPLOYMENT_TARGET = 2.0;
			};
			name = Debug;
		};
		OBJ_21 /* Release */ = {
			isa = XCBuildConfiguration;
			buildSettings = {
				ENABLE_TESTABILITY = YES;
				FRAMEWORK_SEARCH_PATHS = (
					"$(inherited)",
					"$(PLATFORM_DIR)/Developer/Library/Frameworks",
				);
				HEADER_SEARCH_PATHS = "$(inherited)";
				INFOPLIST_FILE = DGPExtensionCore.xcodeproj/DGPExtensionCore_Info.plist;
				IPHONEOS_DEPLOYMENT_TARGET = 12.0;
				LD_RUNPATH_SEARCH_PATHS = "$(inherited) $(TOOLCHAIN_DIR)/usr/lib/swift/macosx";
				MACOSX_DEPLOYMENT_TARGET = 10.10;
				OTHER_CFLAGS = "$(inherited)";
				OTHER_LDFLAGS = "$(inherited)";
				OTHER_SWIFT_FLAGS = "$(inherited)";
				PRODUCT_BUNDLE_IDENTIFIER = DGPExtensionCore;
				PRODUCT_MODULE_NAME = "$(TARGET_NAME:c99extidentifier)";
				PRODUCT_NAME = "$(TARGET_NAME:c99extidentifier)";
				SKIP_INSTALL = YES;
				SWIFT_ACTIVE_COMPILATION_CONDITIONS = "$(inherited)";
				SWIFT_VERSION = 5.0;
				TARGET_NAME = DGPExtensionCore;
				TVOS_DEPLOYMENT_TARGET = 12.0;
				WATCHOS_DEPLOYMENT_TARGET = 2.0;
			};
			name = Release;
		};
		OBJ_3 /* Debug */ = {
			isa = XCBuildConfiguration;
			buildSettings = {
				CLANG_ENABLE_OBJC_ARC = YES;
				CLANG_WARN_BLOCK_CAPTURE_AUTORELEASING = YES;
				CLANG_WARN_BOOL_CONVERSION = YES;
				CLANG_WARN_COMMA = YES;
				CLANG_WARN_CONSTANT_CONVERSION = YES;
				CLANG_WARN_DEPRECATED_OBJC_IMPLEMENTATIONS = YES;
				CLANG_WARN_EMPTY_BODY = YES;
				CLANG_WARN_ENUM_CONVERSION = YES;
				CLANG_WARN_INFINITE_RECURSION = YES;
				CLANG_WARN_INT_CONVERSION = YES;
				CLANG_WARN_NON_LITERAL_NULL_CONVERSION = YES;
				CLANG_WARN_OBJC_IMPLICIT_RETAIN_SELF = YES;
				CLANG_WARN_OBJC_LITERAL_CONVERSION = YES;
				CLANG_WARN_QUOTED_INCLUDE_IN_FRAMEWORK_HEADER = YES;
				CLANG_WARN_RANGE_LOOP_ANALYSIS = YES;
				CLANG_WARN_STRICT_PROTOTYPES = YES;
				CLANG_WARN_SUSPICIOUS_MOVE = YES;
				CLANG_WARN_UNREACHABLE_CODE = YES;
				CLANG_WARN__DUPLICATE_METHOD_MATCH = YES;
				COMBINE_HIDPI_IMAGES = YES;
				COPY_PHASE_STRIP = NO;
				DEBUG_INFORMATION_FORMAT = dwarf;
				DYLIB_INSTALL_NAME_BASE = "@rpath";
				ENABLE_NS_ASSERTIONS = YES;
				ENABLE_STRICT_OBJC_MSGSEND = YES;
				ENABLE_TESTABILITY = YES;
				GCC_NO_COMMON_BLOCKS = YES;
				GCC_OPTIMIZATION_LEVEL = 0;
				GCC_PREPROCESSOR_DEFINITIONS = (
					"$(inherited)",
					"SWIFT_PACKAGE=1",
					"DEBUG=1",
				);
				GCC_WARN_64_TO_32_BIT_CONVERSION = YES;
				GCC_WARN_ABOUT_RETURN_TYPE = YES;
				GCC_WARN_UNDECLARED_SELECTOR = YES;
				GCC_WARN_UNINITIALIZED_AUTOS = YES;
				GCC_WARN_UNUSED_FUNCTION = YES;
				GCC_WARN_UNUSED_VARIABLE = YES;
				MACOSX_DEPLOYMENT_TARGET = 10.10;
				ONLY_ACTIVE_ARCH = YES;
				OTHER_SWIFT_FLAGS = "$(inherited) -DXcode";
				PRODUCT_NAME = "$(TARGET_NAME)";
				SDKROOT = iphoneos;
				SUPPORTED_PLATFORMS = "iphonesimulator iphoneos";
				SWIFT_ACTIVE_COMPILATION_CONDITIONS = "$(inherited) SWIFT_PACKAGE DEBUG";
				SWIFT_OPTIMIZATION_LEVEL = "-Onone";
				USE_HEADERMAP = NO;
			};
			name = Debug;
		};
		OBJ_4 /* Release */ = {
			isa = XCBuildConfiguration;
			buildSettings = {
				CLANG_ENABLE_OBJC_ARC = YES;
				CLANG_WARN_BLOCK_CAPTURE_AUTORELEASING = YES;
				CLANG_WARN_BOOL_CONVERSION = YES;
				CLANG_WARN_COMMA = YES;
				CLANG_WARN_CONSTANT_CONVERSION = YES;
				CLANG_WARN_DEPRECATED_OBJC_IMPLEMENTATIONS = YES;
				CLANG_WARN_EMPTY_BODY = YES;
				CLANG_WARN_ENUM_CONVERSION = YES;
				CLANG_WARN_INFINITE_RECURSION = YES;
				CLANG_WARN_INT_CONVERSION = YES;
				CLANG_WARN_NON_LITERAL_NULL_CONVERSION = YES;
				CLANG_WARN_OBJC_IMPLICIT_RETAIN_SELF = YES;
				CLANG_WARN_OBJC_LITERAL_CONVERSION = YES;
				CLANG_WARN_QUOTED_INCLUDE_IN_FRAMEWORK_HEADER = YES;
				CLANG_WARN_RANGE_LOOP_ANALYSIS = YES;
				CLANG_WARN_STRICT_PROTOTYPES = YES;
				CLANG_WARN_SUSPICIOUS_MOVE = YES;
				CLANG_WARN_UNREACHABLE_CODE = YES;
				CLANG_WARN__DUPLICATE_METHOD_MATCH = YES;
				COMBINE_HIDPI_IMAGES = YES;
				COPY_PHASE_STRIP = YES;
				DEBUG_INFORMATION_FORMAT = "dwarf-with-dsym";
				DYLIB_INSTALL_NAME_BASE = "@rpath";
				ENABLE_STRICT_OBJC_MSGSEND = YES;
				GCC_NO_COMMON_BLOCKS = YES;
				GCC_OPTIMIZATION_LEVEL = s;
				GCC_PREPROCESSOR_DEFINITIONS = (
					"$(inherited)",
					"SWIFT_PACKAGE=1",
				);
				GCC_WARN_64_TO_32_BIT_CONVERSION = YES;
				GCC_WARN_ABOUT_RETURN_TYPE = YES;
				GCC_WARN_UNDECLARED_SELECTOR = YES;
				GCC_WARN_UNINITIALIZED_AUTOS = YES;
				GCC_WARN_UNUSED_FUNCTION = YES;
				GCC_WARN_UNUSED_VARIABLE = YES;
				MACOSX_DEPLOYMENT_TARGET = 10.10;
				OTHER_SWIFT_FLAGS = "$(inherited) -DXcode";
				PRODUCT_NAME = "$(TARGET_NAME)";
				SDKROOT = iphoneos;
				SUPPORTED_PLATFORMS = "iphonesimulator iphoneos";
				SWIFT_ACTIVE_COMPILATION_CONDITIONS = "$(inherited) SWIFT_PACKAGE";
				SWIFT_OPTIMIZATION_LEVEL = "-Owholemodule";
				USE_HEADERMAP = NO;
			};
			name = Release;
		};
/* End XCBuildConfiguration section */

/* Begin XCConfigurationList section */
		OBJ_19 /* Build configuration list for PBXNativeTarget "DGPExtensionCore" */ = {
			isa = XCConfigurationList;
			buildConfigurations = (
				OBJ_20 /* Debug */,
				OBJ_21 /* Release */,
			);
			defaultConfigurationIsVisible = 0;
			defaultConfigurationName = Release;
		};
		OBJ_2 /* Build configuration list for PBXProject "DGPExtensionCore" */ = {
			isa = XCConfigurationList;
			buildConfigurations = (
				OBJ_3 /* Debug */,
				OBJ_4 /* Release */,
			);
			defaultConfigurationIsVisible = 0;
			defaultConfigurationName = Release;
		};
/* End XCConfigurationList section */
	};
	rootObject = OBJ_1 /* Project object */;
}
